
Microsoft Visual Studio Solution File, Format Version 12.00
# Visual Studio Version 17
VisualStudioVersion = 17.9.34607.119
MinimumVisualStudioVersion = 10.0.40219.1
Project("{FAE04EC0-301F-11D3-BF4B-00C04F79EFBC}") = "Part1_C#", "Part1_C#\Part1_C#.csproj", "{F803C8CE-595B-42E9-9ACC-2DE4BCBFA31A}"
EndProject
Global
	GlobalSection(SolutionConfigurationPlatforms) = preSolution
		Debug|Any CPU = Debug|Any CPU
		Release|Any CPU = Release|Any CPU
	EndGlobalSection
	GlobalSection(ProjectConfigurationPlatforms) = postSolution
		{F803C8CE-595B-42E9-9ACC-2DE4BCBFA31A}.Debug|Any CPU.ActiveCfg = Debug|Any CPU
		{F803C8CE-595B-42E9-9ACC-2DE4BCBFA31A}.Debug|Any CPU.Build.0 = Debug|Any CPU
		{F803C8CE-595B-42E9-9ACC-2DE4BCBFA31A}.Release|Any CPU.ActiveCfg = Release|Any CPU
		{F803C8CE-595B-42E9-9ACC-2DE4BCBFA31A}.Release|Any CPU.Build.0 = Release|Any CPU
	EndGlobalSection
	GlobalSection(SolutionProperties) = preSolution
		HideSolutionNode = FALSE
	EndGlobalSection
	GlobalSection(ExtensibilityGlobals) = postSolution
		SolutionGuid = {39F9C776-684A-43E5-83DF-48E75AAC5166}
	EndGlobalSection
EndGlobal
